
Microsoft Visual Studio Solution File, Format Version 12.00
# Visual Studio 14
VisualStudioVersion = 14.0.25420.1
MinimumVisualStudioVersion = 10.0.40219.1
Project("{FAE04EC0-301F-11D3-BF4B-00C04F79EFBC}") = "Cascade", "Cascade\Cascade.csproj", "{64400943-673D-4283-84FA-7FE921699A2F}"
EndProject
Project("{FAE04EC0-301F-11D3-BF4B-00C04F79EFBC}") = "Cascade_UnitTests", "Cascade_UnitTests\Cascade_UnitTests.csproj", "{2051E940-AB09-4C38-8040-C5FFC570C62D}"
EndProject
Global
	GlobalSection(SolutionConfigurationPlatforms) = preSolution
		Debug|Any CPU = Debug|Any CPU
		Release|Any CPU = Release|Any CPU
	EndGlobalSection
	GlobalSection(ProjectConfigurationPlatforms) = postSolution
		{64400943-673D-4283-84FA-7FE921699A2F}.Debug|Any CPU.ActiveCfg = Debug|Any CPU
		{64400943-673D-4283-84FA-7FE921699A2F}.Debug|Any CPU.Build.0 = Debug|Any CPU
		{64400943-673D-4283-84FA-7FE921699A2F}.Release|Any CPU.ActiveCfg = Release|Any CPU
		{64400943-673D-4283-84FA-7FE921699A2F}.Release|Any CPU.Build.0 = Release|Any CPU
		{2051E940-AB09-4C38-8040-C5FFC570C62D}.Debug|Any CPU.ActiveCfg = Debug|Any CPU
		{2051E940-AB09-4C38-8040-C5FFC570C62D}.Debug|Any CPU.Build.0 = Debug|Any CPU
		{2051E940-AB09-4C38-8040-C5FFC570C62D}.Release|Any CPU.ActiveCfg = Release|Any CPU
		{2051E940-AB09-4C38-8040-C5FFC570C62D}.Release|Any CPU.Build.0 = Release|Any CPU
	EndGlobalSection
	GlobalSection(SolutionProperties) = preSolution
		HideSolutionNode = FALSE
	EndGlobalSection
EndGlobal
